
Microsoft Visual Studio Solution File, Format Version 12.00
# Visual Studio 15
VisualStudioVersion = 15.0.27130.2027
MinimumVisualStudioVersion = 10.0.40219.1
Project("{FAE04EC0-301F-11D3-BF4B-00C04F79EFBC}") = "Resgrid.Audio.Core", "Resgrid.Audio.Core\Resgrid.Audio.Core.csproj", "{64D892BF-42A5-40B6-93A4-E9ADE0774ABF}"
EndProject
Project("{FAE04EC0-301F-11D3-BF4B-00C04F79EFBC}") = "Resgrid.Audio.Relay", "Resgrid.Audio.Relay\Resgrid.Audio.Relay.csproj", "{B521F5CB-3C81-4E6F-8327-758CDA0C4D77}"
EndProject
Project("{FAE04EC0-301F-11D3-BF4B-00C04F79EFBC}") = "Resgrid.Audio.Relay.Console", "Resgrid.Audio.Relay.Console\Resgrid.Audio.Relay.Console.csproj", "{17987428-A954-4A78-A286-BF91E76BBCF8}"
EndProject
Project("{FAE04EC0-301F-11D3-BF4B-00C04F79EFBC}") = "Resgrid.Audio.Tests", "Resgrid.Audio.Tests\Resgrid.Audio.Tests.csproj", "{00380D66-9F9D-4C3F-83EF-CD46FAC4AFCF}"
EndProject
Project("{2150E333-8FDC-42A3-9474-1A3956D46DE8}") = "Providers", "Providers", "{75122A69-C1CD-47A0-8941-4849ECF3F996}"
EndProject
Project("{FAE04EC0-301F-11D3-BF4B-00C04F79EFBC}") = "Resgrid.Providers.ApiClient", "Providers\Resgrid.Providers.ApiClient\Resgrid.Providers.ApiClient.csproj", "{7AA51788-4951-4EC0-8FEB-8381200600C4}"
EndProject
Global
	GlobalSection(SolutionConfigurationPlatforms) = preSolution
		Debug|Any CPU = Debug|Any CPU
		Release|Any CPU = Release|Any CPU
	EndGlobalSection
	GlobalSection(ProjectConfigurationPlatforms) = postSolution
		{64D892BF-42A5-40B6-93A4-E9ADE0774ABF}.Debug|Any CPU.ActiveCfg = Debug|Any CPU
		{64D892BF-42A5-40B6-93A4-E9ADE0774ABF}.Debug|Any CPU.Build.0 = Debug|Any CPU
		{64D892BF-42A5-40B6-93A4-E9ADE0774ABF}.Release|Any CPU.ActiveCfg = Release|Any CPU
		{64D892BF-42A5-40B6-93A4-E9ADE0774ABF}.Release|Any CPU.Build.0 = Release|Any CPU
		{B521F5CB-3C81-4E6F-8327-758CDA0C4D77}.Debug|Any CPU.ActiveCfg = Debug|Any CPU
		{B521F5CB-3C81-4E6F-8327-758CDA0C4D77}.Debug|Any CPU.Build.0 = Debug|Any CPU
		{B521F5CB-3C81-4E6F-8327-758CDA0C4D77}.Release|Any CPU.ActiveCfg = Release|Any CPU
		{B521F5CB-3C81-4E6F-8327-758CDA0C4D77}.Release|Any CPU.Build.0 = Release|Any CPU
		{17987428-A954-4A78-A286-BF91E76BBCF8}.Debug|Any CPU.ActiveCfg = Debug|Any CPU
		{17987428-A954-4A78-A286-BF91E76BBCF8}.Debug|Any CPU.Build.0 = Debug|Any CPU
		{17987428-A954-4A78-A286-BF91E76BBCF8}.Release|Any CPU.ActiveCfg = Release|Any CPU
		{17987428-A954-4A78-A286-BF91E76BBCF8}.Release|Any CPU.Build.0 = Release|Any CPU
		{00380D66-9F9D-4C3F-83EF-CD46FAC4AFCF}.Debug|Any CPU.ActiveCfg = Debug|Any CPU
		{00380D66-9F9D-4C3F-83EF-CD46FAC4AFCF}.Debug|Any CPU.Build.0 = Debug|Any CPU
		{00380D66-9F9D-4C3F-83EF-CD46FAC4AFCF}.Release|Any CPU.ActiveCfg = Release|Any CPU
		{00380D66-9F9D-4C3F-83EF-CD46FAC4AFCF}.Release|Any CPU.Build.0 = Release|Any CPU
		{7AA51788-4951-4EC0-8FEB-8381200600C4}.Debug|Any CPU.ActiveCfg = Debug|Any CPU
		{7AA51788-4951-4EC0-8FEB-8381200600C4}.Debug|Any CPU.Build.0 = Debug|Any CPU
		{7AA51788-4951-4EC0-8FEB-8381200600C4}.Release|Any CPU.ActiveCfg = Release|Any CPU
		{7AA51788-4951-4EC0-8FEB-8381200600C4}.Release|Any CPU.Build.0 = Release|Any CPU
	EndGlobalSection
	GlobalSection(SolutionProperties) = preSolution
		HideSolutionNode = FALSE
	EndGlobalSection
	GlobalSection(NestedProjects) = preSolution
		{7AA51788-4951-4EC0-8FEB-8381200600C4} = {75122A69-C1CD-47A0-8941-4849ECF3F996}
	EndGlobalSection
	GlobalSection(ExtensibilityGlobals) = postSolution
		SolutionGuid = {B21E1951-25A4-4C32-ACD8-F88BFC714B5A}
	EndGlobalSection
EndGlobal
